{
  "name": "burnkit",
  "version": "0.2.0",
  "lockfileVersion": 3,
  "requires": true,
  "packages": {
    "": {
      "name": "burnkit",
      "version": "0.2.0",
      "license": "MIT",
      "bin": {
        "burnkit": "bin/burnkit"
      },
      "engines": {
        "node": ">=20"
      }
    }
  }
}
